// !$*UTF8*$!
{
	archiveVersion = 1;
	classes = {
	};
	objectVersion = 56;
	objects = {

/* Begin PBXBuildFile section */
		8D63D98028DEF90B00AA58D0 /* iDineApp.swift in Sources */ = {isa = PBXBuildFile; fileRef = 8D63D97F28DEF90B00AA58D0 /* iDineApp.swift */; };
		8D63D98228DEF90B00AA58D0 /* ContentView.swift in Sources */ = {isa = PBXBuildFile; fileRef = 8D63D98128DEF90B00AA58D0 /* ContentView.swift */; };
		8D63D98428DEF90C00AA58D0 /* Assets.xcassets in Resources */ = {isa = PBXBuildFile; fileRef = 8D63D98328DEF90C00AA58D0 /* Assets.xcassets */; };
		8D63D98728DEF90C00AA58D0 /* Preview Assets.xcassets in Resources */ = {isa = PBXBuildFile; fileRef = 8D63D98628DEF90C00AA58D0 /* Preview Assets.xcassets */; };
		8D63D98E28DEF96800AA58D0 /* Helper.swift in Sources */ = {isa = PBXBuildFile; fileRef = 8D63D98D28DEF96800AA58D0 /* Helper.swift */; };
		8D63D99228DEF97A00AA58D0 /* menu.json in Resources */ = {isa = PBXBuildFile; fileRef = 8D63D98F28DEF97A00AA58D0 /* menu.json */; };
		8D63D99328DEF97A00AA58D0 /* Menu.swift in Sources */ = {isa = PBXBuildFile; fileRef = 8D63D99028DEF97A00AA58D0 /* Menu.swift */; };
		8D63D99428DEF97A00AA58D0 /* Order.swift in Sources */ = {isa = PBXBuildFile; fileRef = 8D63D99128DEF97A00AA58D0 /* Order.swift */; };
		8D63D99628DF04E600AA58D0 /* ItemRow.swift in Sources */ = {isa = PBXBuildFile; fileRef = 8D63D99528DF04E600AA58D0 /* ItemRow.swift */; };
		8D63D99828DF090400AA58D0 /* ItemDetail.swift in Sources */ = {isa = PBXBuildFile; fileRef = 8D63D99728DF090400AA58D0 /* ItemDetail.swift */; };
		8D63D99A28DF2B7300AA58D0 /* OrderView.swift in Sources */ = {isa = PBXBuildFile; fileRef = 8D63D99928DF2B7300AA58D0 /* OrderView.swift */; };
		8D63D99C28DF2C4500AA58D0 /* MainView.swift in Sources */ = {isa = PBXBuildFile; fileRef = 8D63D99B28DF2C4500AA58D0 /* MainView.swift */; };
		8D63D99E28DF2DF200AA58D0 /* CheckoutView.swift in Sources */ = {isa = PBXBuildFile; fileRef = 8D63D99D28DF2DF200AA58D0 /* CheckoutView.swift */; };
/* End PBXBuildFile section */

/* Begin PBXFileReference section */
		8D63D97C28DEF90B00AA58D0 /* iDine.app */ = {isa = PBXFileReference; explicitFileType = wrapper.application; includeInIndex = 0; path = iDine.app; sourceTree = BUILT_PRODUCTS_DIR; };
		8D63D97F28DEF90B00AA58D0 /* iDineApp.swift */ = {isa = PBXFileReference; lastKnownFileType = sourcecode.swift; path = iDineApp.swift; sourceTree = "<group>"; };
		8D63D98128DEF90B00AA58D0 /* ContentView.swift */ = {isa = PBXFileReference; lastKnownFileType = sourcecode.swift; path = ContentView.swift; sourceTree = "<group>"; };
		8D63D98328DEF90C00AA58D0 /* Assets.xcassets */ = {isa = PBXFileReference; lastKnownFileType = folder.assetcatalog; path = Assets.xcassets; sourceTree = "<group>"; };
		8D63D98628DEF90C00AA58D0 /* Preview Assets.xcassets */ = {isa = PBXFileReference; lastKnownFileType = folder.assetcatalog; path = "Preview Assets.xcassets"; sourceTree = "<group>"; };
		8D63D98D28DEF96800AA58D0 /* Helper.swift */ = {isa = PBXFileReference; fileEncoding = 4; lastKnownFileType = sourcecode.swift; path = Helper.swift; sourceTree = "<group>"; };
		8D63D98F28DEF97A00AA58D0 /* menu.json */ = {isa = PBXFileReference; fileEncoding = 4; lastKnownFileType = text.json; path = menu.json; sourceTree = "<group>"; };
		8D63D99028DEF97A00AA58D0 /* Menu.swift */ = {isa = PBXFileReference; fileEncoding = 4; lastKnownFileType = sourcecode.swift; path = Menu.swift; sourceTree = "<group>"; };
		8D63D99128DEF97A00AA58D0 /* Order.swift */ = {isa = PBXFileReference; fileEncoding = 4; lastKnownFileType = sourcecode.swift; path = Order.swift; sourceTree = "<group>"; };
		8D63D99528DF04E600AA58D0 /* ItemRow.swift */ = {isa = PBXFileReference; lastKnownFileType = sourcecode.swift; path = ItemRow.swift; sourceTree = "<group>"; };
		8D63D99728DF090400AA58D0 /* ItemDetail.swift */ = {isa = PBXFileReference; lastKnownFileType = sourcecode.swift; path = ItemDetail.swift; sourceTree = "<group>"; };
		8D63D99928DF2B7300AA58D0 /* OrderView.swift */ = {isa = PBXFileReference; lastKnownFileType = sourcecode.swift; path = OrderView.swift; sourceTree = "<group>"; };
		8D63D99B28DF2C4500AA58D0 /* MainView.swift */ = {isa = PBXFileReference; lastKnownFileType = sourcecode.swift; path = MainView.swift; sourceTree = "<group>"; };
		8D63D99D28DF2DF200AA58D0 /* CheckoutView.swift */ = {isa = PBXFileReference; lastKnownFileType = sourcecode.swift; path = CheckoutView.swift; sourceTree = "<group>"; };
/* End PBXFileReference section */

/* Begin PBXFrameworksBuildPhase section */
		8D63D97928DEF90B00AA58D0 /* Frameworks */ = {
			isa = PBXFrameworksBuildPhase;
			buildActionMask = 2147483647;
			files = (
			);
			runOnlyForDeploymentPostprocessing = 0;
		};
/* End PBXFrameworksBuildPhase section */

/* Begin PBXGroup section */
		8D63D97328DEF90B00AA58D0 = {
			isa = PBXGroup;
			children = (
				8D63D97E28DEF90B00AA58D0 /* iDine */,
				8D63D97D28DEF90B00AA58D0 /* Products */,
			);
			sourceTree = "<group>";
		};
		8D63D97D28DEF90B00AA58D0 /* Products */ = {
			isa = PBXGroup;
			children = (
				8D63D97C28DEF90B00AA58D0 /* iDine.app */,
			);
			name = Products;
			sourceTree = "<group>";
		};
		8D63D97E28DEF90B00AA58D0 /* iDine */ = {
			isa = PBXGroup;
			children = (
				8D63D97F28DEF90B00AA58D0 /* iDineApp.swift */,
				8D63D98128DEF90B00AA58D0 /* ContentView.swift */,
				8D63D99728DF090400AA58D0 /* ItemDetail.swift */,
				8D63D99928DF2B7300AA58D0 /* OrderView.swift */,
				8D63D99B28DF2C4500AA58D0 /* MainView.swift */,
				8D63D99D28DF2DF200AA58D0 /* CheckoutView.swift */,
				8D63D99528DF04E600AA58D0 /* ItemRow.swift */,
				8D63D98328DEF90C00AA58D0 /* Assets.xcassets */,
				8D63D98D28DEF96800AA58D0 /* Helper.swift */,
				8D63D98F28DEF97A00AA58D0 /* menu.json */,
				8D63D99028DEF97A00AA58D0 /* Menu.swift */,
				8D63D99128DEF97A00AA58D0 /* Order.swift */,
				8D63D98528DEF90C00AA58D0 /* Preview Content */,
			);
			path = iDine;
			sourceTree = "<group>";
		};
		8D63D98528DEF90C00AA58D0 /* Preview Content */ = {
			isa = PBXGroup;
			children = (
				8D63D98628DEF90C00AA58D0 /* Preview Assets.xcassets */,
			);
			path = "Preview Content";
			sourceTree = "<group>";
		};
/* End PBXGroup section */

/* Begin PBXNativeTarget section */
		8D63D97B28DEF90B00AA58D0 /* iDine */ = {
			isa = PBXNativeTarget;
			buildConfigurationList = 8D63D98A28DEF90C00AA58D0 /* Build configuration list for PBXNativeTarget "iDine" */;
			buildPhases = (
				8D63D97828DEF90B00AA58D0 /* Sources */,
				8D63D97928DEF90B00AA58D0 /* Frameworks */,
				8D63D97A28DEF90B00AA58D0 /* Resources */,
			);
			buildRules = (
			);
			dependencies = (
			);
			name = iDine;
			productName = iDine;
			productReference = 8D63D97C28DEF90B00AA58D0 /* iDine.app */;
			productType = "com.apple.product-type.application";
		};
/* End PBXNativeTarget section */

/* Begin PBXProject section */
		8D63D97428DEF90B00AA58D0 /* Project object */ = {
			isa = PBXProject;
			attributes = {
				BuildIndependentTargetsInParallel = 1;
				LastSwiftUpdateCheck = 1400;
				LastUpgradeCheck = 1400;
				TargetAttributes = {
					8D63D97B28DEF90B00AA58D0 = {
						CreatedOnToolsVersion = 14.0;
					};
				};
			};
			buildConfigurationList = 8D63D97728DEF90B00AA58D0 /* Build configuration list for PBXProject "iDine" */;
			compatibilityVersion = "Xcode 14.0";
			developmentRegion = en;
			hasScannedForEncodings = 0;
			knownRegions = (
				en,
				Base,
			);
			mainGroup = 8D63D97328DEF90B00AA58D0;
			productRefGroup = 8D63D97D28DEF90B00AA58D0 /* Products */;
			projectDirPath = "";
			projectRoot = "";
			targets = (
				8D63D97B28DEF90B00AA58D0 /* iDine */,
			);
		};
/* End PBXProject section */

/* Begin PBXResourcesBuildPhase section */
		8D63D97A28DEF90B00AA58D0 /* Resources */ = {
			isa = PBXResourcesBuildPhase;
			buildActionMask = 2147483647;
			files = (
				8D63D99228DEF97A00AA58D0 /* menu.json in Resources */,
				8D63D98728DEF90C00AA58D0 /* Preview Assets.xcassets in Resources */,
				8D63D98428DEF90C00AA58D0 /* Assets.xcassets in Resources */,
			);
			runOnlyForDeploymentPostprocessing = 0;
		};
/* End PBXResourcesBuildPhase section */

/* Begin PBXSourcesBuildPhase section */
		8D63D97828DEF90B00AA58D0 /* Sources */ = {
			isa = PBXSourcesBuildPhase;
			buildActionMask = 2147483647;
			files = (
				8D63D99828DF090400AA58D0 /* ItemDetail.swift in Sources */,
				8D63D99C28DF2C4500AA58D0 /* MainView.swift in Sources */,
				8D63D99A28DF2B7300AA58D0 /* OrderView.swift in Sources */,
				8D63D98228DEF90B00AA58D0 /* ContentView.swift in Sources */,
				8D63D98028DEF90B00AA58D0 /* iDineApp.swift in Sources */,
				8D63D99428DEF97A00AA58D0 /* Order.swift in Sources */,
				8D63D99628DF04E600AA58D0 /* ItemRow.swift in Sources */,
				8D63D99E28DF2DF200AA58D0 /* CheckoutView.swift in Sources */,
				8D63D99328DEF97A00AA58D0 /* Menu.swift in Sources */,
				8D63D98E28DEF96800AA58D0 /* Helper.swift in Sources */,
			);
			runOnlyForDeploymentPostprocessing = 0;
		};
/* End PBXSourcesBuildPhase section */

/* Begin XCBuildConfiguration section */
		8D63D98828DEF90C00AA58D0 /* Debug */ = {
			isa = XCBuildConfiguration;
			buildSettings = {
				ALWAYS_SEARCH_USER_PATHS = NO;
				CLANG_ANALYZER_NONNULL = YES;
				CLANG_ANALYZER_NUMBER_OBJECT_CONVERSION = YES_AGGRESSIVE;
				CLANG_CXX_LANGUAGE_STANDARD = "gnu++20";
				CLANG_ENABLE_MODULES = YES;
				CLANG_ENABLE_OBJC_ARC = YES;
				CLANG_ENABLE_OBJC_WEAK = YES;
				CLANG_WARN_BLOCK_CAPTURE_AUTORELEASING = YES;
				CLANG_WARN_BOOL_CONVERSION = YES;
				CLANG_WARN_COMMA = YES;
				CLANG_WARN_CONSTANT_CONVERSION = YES;
				CLANG_WARN_DEPRECATED_OBJC_IMPLEMENTATIONS = YES;
				CLANG_WARN_DIRECT_OBJC_ISA_USAGE = YES_ERROR;
				CLANG_WARN_DOCUMENTATION_COMMENTS = YES;
				CLANG_WARN_EMPTY_BODY = YES;
				CLANG_WARN_ENUM_CONVERSION = YES;
				CLANG_WARN_INFINITE_RECURSION = YES;
				CLANG_WARN_INT_CONVERSION = YES;
				CLANG_WARN_NON_LITERAL_NULL_CONVERSION = YES;
				CLANG_WARN_OBJC_IMPLICIT_RETAIN_SELF = YES;
				CLANG_WARN_OBJC_LITERAL_CONVERSION = YES;
				CLANG_WARN_OBJC_ROOT_CLASS = YES_ERROR;
				CLANG_WARN_QUOTED_INCLUDE_IN_FRAMEWORK_HEADER = YES;
				CLANG_WARN_RANGE_LOOP_ANALYSIS = YES;
				CLANG_WARN_STRICT_PROTOTYPES = YES;
				CLANG_WARN_SUSPICIOUS_MOVE = YES;
				CLANG_WARN_UNGUARDED_AVAILABILITY = YES_AGGRESSIVE;
				CLANG_WARN_UNREACHABLE_CODE = YES;
				CLANG_WARN__DUPLICATE_METHOD_MATCH = YES;
				COPY_PHASE_STRIP = NO;
				DEBUG_INFORMATION_FORMAT = dwarf;
				ENABLE_STRICT_OBJC_MSGSEND = YES;
				ENABLE_TESTABILITY = YES;
				GCC_C_LANGUAGE_STANDARD = gnu11;
				GCC_DYNAMIC_NO_PIC = NO;
				GCC_NO_COMMON_BLOCKS = YES;
				GCC_OPTIMIZATION_LEVEL = 0;
				GCC_PREPROCESSOR_DEFINITIONS = (
					"DEBUG=1",
					"$(inherited)",
				);
				GCC_WARN_64_TO_32_BIT_CONVERSION = YES;
				GCC_WARN_ABOUT_RETURN_TYPE = YES_ERROR;
				GCC_WARN_UNDECLARED_SELECTOR = YES;
				GCC_WARN_UNINITIALIZED_AUTOS = YES_AGGRESSIVE;
				GCC_WARN_UNUSED_FUNCTION = YES;
				GCC_WARN_UNUSED_VARIABLE = YES;
				IPHONEOS_DEPLOYMENT_TARGET = 16.0;
				MTL_ENABLE_DEBUG_INFO = INCLUDE_SOURCE;
				MTL_FAST_MATH = YES;
				ONLY_ACTIVE_ARCH = YES;
				SDKROOT = iphoneos;
				SWIFT_ACTIVE_COMPILATION_CONDITIONS = DEBUG;
				SWIFT_OPTIMIZATION_LEVEL = "-Onone";
			};
			name = Debug;
		};
		8D63D98928DEF90C00AA58D0 /* Release */ = {
			isa = XCBuildConfiguration;
			buildSettings = {
				ALWAYS_SEARCH_USER_PATHS = NO;
				CLANG_ANALYZER_NONNULL = YES;
				CLANG_ANALYZER_NUMBER_OBJECT_CONVERSION = YES_AGGRESSIVE;
				CLANG_CXX_LANGUAGE_STANDARD = "gnu++20";
				CLANG_ENABLE_MODULES = YES;
				CLANG_ENABLE_OBJC_ARC = YES;
				CLANG_ENABLE_OBJC_WEAK = YES;
				CLANG_WARN_BLOCK_CAPTURE_AUTORELEASING = YES;
				CLANG_WARN_BOOL_CONVERSION = YES;
				CLANG_WARN_COMMA = YES;
				CLANG_WARN_CONSTANT_CONVERSION = YES;
				CLANG_WARN_DEPRECATED_OBJC_IMPLEMENTATIONS = YES;
				CLANG_WARN_DIRECT_OBJC_ISA_USAGE = YES_ERROR;
				CLANG_WARN_DOCUMENTATION_COMMENTS = YES;
				CLANG_WARN_EMPTY_BODY = YES;
				CLANG_WARN_ENUM_CONVERSION = YES;
				CLANG_WARN_INFINITE_RECURSION = YES;
				CLANG_WARN_INT_CONVERSION = YES;
				CLANG_WARN_NON_LITERAL_NULL_CONVERSION = YES;
				CLANG_WARN_OBJC_IMPLICIT_RETAIN_SELF = YES;
				CLANG_WARN_OBJC_LITERAL_CONVERSION = YES;
				CLANG_WARN_OBJC_ROOT_CLASS = YES_ERROR;
				CLANG_WARN_QUOTED_INCLUDE_IN_FRAMEWORK_HEADER = YES;
				CLANG_WARN_RANGE_LOOP_ANALYSIS = YES;
				CLANG_WARN_STRICT_PROTOTYPES = YES;
				CLANG_WARN_SUSPICIOUS_MOVE = YES;
				CLANG_WARN_UNGUARDED_AVAILABILITY = YES_AGGRESSIVE;
				CLANG_WARN_UNREACHABLE_CODE = YES;
				CLANG_WARN__DUPLICATE_METHOD_MATCH = YES;
				COPY_PHASE_STRIP = NO;
				DEBUG_INFORMATION_FORMAT = "dwarf-with-dsym";
				ENABLE_NS_ASSERTIONS = NO;
				ENABLE_STRICT_OBJC_MSGSEND = YES;
				GCC_C_LANGUAGE_STANDARD = gnu11;
				GCC_NO_COMMON_BLOCKS = YES;
				GCC_WARN_64_TO_32_BIT_CONVERSION = YES;
				GCC_WARN_ABOUT_RETURN_TYPE = YES_ERROR;
				GCC_WARN_UNDECLARED_SELECTOR = YES;
				GCC_WARN_UNINITIALIZED_AUTOS = YES_AGGRESSIVE;
				GCC_WARN_UNUSED_FUNCTION = YES;
				GCC_WARN_UNUSED_VARIABLE = YES;
				IPHONEOS_DEPLOYMENT_TARGET = 16.0;
				MTL_ENABLE_DEBUG_INFO = NO;
				MTL_FAST_MATH = YES;
				SDKROOT = iphoneos;
				SWIFT_COMPILATION_MODE = wholemodule;
				SWIFT_OPTIMIZATION_LEVEL = "-O";
				VALIDATE_PRODUCT = YES;
			};
			name = Release;
		};
		8D63D98B28DEF90C00AA58D0 /* Debug */ = {
			isa = XCBuildConfiguration;
			buildSettings = {
				ASSETCATALOG_COMPILER_APPICON_NAME = AppIcon;
				ASSETCATALOG_COMPILER_GLOBAL_ACCENT_COLOR_NAME = AccentColor;
				CODE_SIGN_STYLE = Automatic;
				CURRENT_PROJECT_VERSION = 1;
				DEVELOPMENT_ASSET_PATHS = "\"iDine/Preview Content\"";
				DEVELOPMENT_TEAM = 84BHCD9H3P;
				ENABLE_PREVIEWS = YES;
				GENERATE_INFOPLIST_FILE = YES;
				INFOPLIST_KEY_UIApplicationSceneManifest_Generation = YES;
				INFOPLIST_KEY_UIApplicationSupportsIndirectInputEvents = YES;
				INFOPLIST_KEY_UILaunchScreen_Generation = YES;
				INFOPLIST_KEY_UISupportedInterfaceOrientations_iPad = "UIInterfaceOrientationPortrait UIInterfaceOrientationPortraitUpsideDown UIInterfaceOrientationLandscapeLeft UIInterfaceOrientationLandscapeRight";
				INFOPLIST_KEY_UISupportedInterfaceOrientations_iPhone = "UIInterfaceOrientationPortrait UIInterfaceOrientationLandscapeLeft UIInterfaceOrientationLandscapeRight";
				IPHONEOS_DEPLOYMENT_TARGET = 14.0;
				LD_RUNPATH_SEARCH_PATHS = (
					"$(inherited)",
					"@executable_path/Frameworks",
				);
				MARKETING_VERSION = 1.0;
				PRODUCT_BUNDLE_IDENTIFIER = co.fusing.iDine;
				PRODUCT_NAME = "$(TARGET_NAME)";
				SWIFT_EMIT_LOC_STRINGS = YES;
				SWIFT_VERSION = 5.0;
				TARGETED_DEVICE_FAMILY = "1,2";
			};
			name = Debug;
		};
		8D63D98C28DEF90C00AA58D0 /* Release */ = {
			isa = XCBuildConfiguration;
			buildSettings = {
				ASSETCATALOG_COMPILER_APPICON_NAME = AppIcon;
				ASSETCATALOG_COMPILER_GLOBAL_ACCENT_COLOR_NAME = AccentColor;
				CODE_SIGN_STYLE = Automatic;
				CURRENT_PROJECT_VERSION = 1;
				DEVELOPMENT_ASSET_PATHS = "\"iDine/Preview Content\"";
				DEVELOPMENT_TEAM = 84BHCD9H3P;
				ENABLE_PREVIEWS = YES;
				GENERATE_INFOPLIST_FILE = YES;
				INFOPLIST_KEY_UIApplicationSceneManifest_Generation = YES;
				INFOPLIST_KEY_UIApplicationSupportsIndirectInputEvents = YES;
				INFOPLIST_KEY_UILaunchScreen_Generation = YES;
				INFOPLIST_KEY_UISupportedInterfaceOrientations_iPad = "UIInterfaceOrientationPortrait UIInterfaceOrientationPortraitUpsideDown UIInterfaceOrientationLandscapeLeft UIInterfaceOrientationLandscapeRight";
				INFOPLIST_KEY_UISupportedInterfaceOrientations_iPhone = "UIInterfaceOrientationPortrait UIInterfaceOrientationLandscapeLeft UIInterfaceOrientationLandscapeRight";
				IPHONEOS_DEPLOYMENT_TARGET = 14.0;
				LD_RUNPATH_SEARCH_PATHS = (
					"$(inherited)",
					"@executable_path/Frameworks",
				);
				MARKETING_VERSION = 1.0;
				PRODUCT_BUNDLE_IDENTIFIER = co.fusing.iDine;
				PRODUCT_NAME = "$(TARGET_NAME)";
				SWIFT_EMIT_LOC_STRINGS = YES;
				SWIFT_VERSION = 5.0;
				TARGETED_DEVICE_FAMILY = "1,2";
			};
			name = Release;
		};
/* End XCBuildConfiguration section */

/* Begin XCConfigurationList section */
		8D63D97728DEF90B00AA58D0 /* Build configuration list for PBXProject "iDine" */ = {
			isa = XCConfigurationList;
			buildConfigurations = (
				8D63D98828DEF90C00AA58D0 /* Debug */,
				8D63D98928DEF90C00AA58D0 /* Release */,
			);
			defaultConfigurationIsVisible = 0;
			defaultConfigurationName = Release;
		};
		8D63D98A28DEF90C00AA58D0 /* Build configuration list for PBXNativeTarget "iDine" */ = {
			isa = XCConfigurationList;
			buildConfigurations = (
				8D63D98B28DEF90C00AA58D0 /* Debug */,
				8D63D98C28DEF90C00AA58D0 /* Release */,
			);
			defaultConfigurationIsVisible = 0;
			defaultConfigurationName = Release;
		};
/* End XCConfigurationList section */
	};
	rootObject = 8D63D97428DEF90B00AA58D0 /* Project object */;
}
